
Microsoft Visual Studio Solution File, Format Version 12.00
# Visual Studio Version 17
VisualStudioVersion = 17.2.32630.192
MinimumVisualStudioVersion = 10.0.40219.1
Project("{9A19103F-16F7-4668-BE54-9A1E7A4F7556}") = "MyMusicAPI", "MyMusicAPI\MyMusicAPI.csproj", "{0147D622-7AF4-4592-8D5B-41505D851F70}"
EndProject
Project("{9A19103F-16F7-4668-BE54-9A1E7A4F7556}") = "MyMusic.Data", "MyMusic.Data\MyMusic.Data.csproj", "{12A75971-BCCF-41E3-8DBC-9B7569362035}"
EndProject
Project("{9A19103F-16F7-4668-BE54-9A1E7A4F7556}") = "MyMusic.Core", "MyMusic.Core\MyMusic.Core.csproj", "{7E541C5D-F354-49AA-8FE7-40A21793D054}"
EndProject
Project("{9A19103F-16F7-4668-BE54-9A1E7A4F7556}") = "MyMusic.Services", "MyMusic.Services\MyMusic.Services.csproj", "{7148D962-9A0A-4407-BF71-28C8BBB9DDF2}"
EndProject
Project("{00D1A9C2-B5F0-4AF3-8072-F6C62B433612}") = "MyMusicDatabase", "MyMusicDatabase\MyMusicDatabase.sqlproj", "{EAC37EE5-AC97-4C04-B2A0-16645BC87502}"
EndProject
Global
	GlobalSection(SolutionConfigurationPlatforms) = preSolution
		Debug|Any CPU = Debug|Any CPU
		Release|Any CPU = Release|Any CPU
	EndGlobalSection
	GlobalSection(ProjectConfigurationPlatforms) = postSolution
		{0147D622-7AF4-4592-8D5B-41505D851F70}.Debug|Any CPU.ActiveCfg = Debug|Any CPU
		{0147D622-7AF4-4592-8D5B-41505D851F70}.Debug|Any CPU.Build.0 = Debug|Any CPU
		{0147D622-7AF4-4592-8D5B-41505D851F70}.Release|Any CPU.ActiveCfg = Release|Any CPU
		{0147D622-7AF4-4592-8D5B-41505D851F70}.Release|Any CPU.Build.0 = Release|Any CPU
		{12A75971-BCCF-41E3-8DBC-9B7569362035}.Debug|Any CPU.ActiveCfg = Debug|Any CPU
		{12A75971-BCCF-41E3-8DBC-9B7569362035}.Debug|Any CPU.Build.0 = Debug|Any CPU
		{12A75971-BCCF-41E3-8DBC-9B7569362035}.Release|Any CPU.ActiveCfg = Release|Any CPU
		{12A75971-BCCF-41E3-8DBC-9B7569362035}.Release|Any CPU.Build.0 = Release|Any CPU
		{7E541C5D-F354-49AA-8FE7-40A21793D054}.Debug|Any CPU.ActiveCfg = Debug|Any CPU
		{7E541C5D-F354-49AA-8FE7-40A21793D054}.Debug|Any CPU.Build.0 = Debug|Any CPU
		{7E541C5D-F354-49AA-8FE7-40A21793D054}.Release|Any CPU.ActiveCfg = Release|Any CPU
		{7E541C5D-F354-49AA-8FE7-40A21793D054}.Release|Any CPU.Build.0 = Release|Any CPU
		{7148D962-9A0A-4407-BF71-28C8BBB9DDF2}.Debug|Any CPU.ActiveCfg = Debug|Any CPU
		{7148D962-9A0A-4407-BF71-28C8BBB9DDF2}.Debug|Any CPU.Build.0 = Debug|Any CPU
		{7148D962-9A0A-4407-BF71-28C8BBB9DDF2}.Release|Any CPU.ActiveCfg = Release|Any CPU
		{7148D962-9A0A-4407-BF71-28C8BBB9DDF2}.Release|Any CPU.Build.0 = Release|Any CPU
		{EAC37EE5-AC97-4C04-B2A0-16645BC87502}.Debug|Any CPU.ActiveCfg = Debug|Any CPU
		{EAC37EE5-AC97-4C04-B2A0-16645BC87502}.Debug|Any CPU.Build.0 = Debug|Any CPU
		{EAC37EE5-AC97-4C04-B2A0-16645BC87502}.Debug|Any CPU.Deploy.0 = Debug|Any CPU
		{EAC37EE5-AC97-4C04-B2A0-16645BC87502}.Release|Any CPU.ActiveCfg = Release|Any CPU
		{EAC37EE5-AC97-4C04-B2A0-16645BC87502}.Release|Any CPU.Build.0 = Release|Any CPU
		{EAC37EE5-AC97-4C04-B2A0-16645BC87502}.Release|Any CPU.Deploy.0 = Release|Any CPU
	EndGlobalSection
	GlobalSection(SolutionProperties) = preSolution
		HideSolutionNode = FALSE
	EndGlobalSection
	GlobalSection(ExtensibilityGlobals) = postSolution
		SolutionGuid = {0A295BDC-A0F3-4E08-9987-CA4F429A986C}
	EndGlobalSection
EndGlobal
